
Microsoft Visual Studio Solution File, Format Version 12.00
# Visual Studio 15
VisualStudioVersion = 15.0.27130.2003
MinimumVisualStudioVersion = 10.0.40219.1
Project("{FAE04EC0-301F-11D3-BF4B-00C04F79EFBC}") = "DZ 4.4", "DZ 4.4\DZ 4.4.csproj", "{1CCB65BF-B209-42A4-83BD-CDAD11D6D963}"
EndProject
Global
	GlobalSection(SolutionConfigurationPlatforms) = preSolution
		Debug|Any CPU = Debug|Any CPU
		Release|Any CPU = Release|Any CPU
	EndGlobalSection
	GlobalSection(ProjectConfigurationPlatforms) = postSolution
		{1CCB65BF-B209-42A4-83BD-CDAD11D6D963}.Debug|Any CPU.ActiveCfg = Debug|Any CPU
		{1CCB65BF-B209-42A4-83BD-CDAD11D6D963}.Debug|Any CPU.Build.0 = Debug|Any CPU
		{1CCB65BF-B209-42A4-83BD-CDAD11D6D963}.Release|Any CPU.ActiveCfg = Release|Any CPU
		{1CCB65BF-B209-42A4-83BD-CDAD11D6D963}.Release|Any CPU.Build.0 = Release|Any CPU
	EndGlobalSection
	GlobalSection(SolutionProperties) = preSolution
		HideSolutionNode = FALSE
	EndGlobalSection
	GlobalSection(ExtensibilityGlobals) = postSolution
		SolutionGuid = {7FD98E7F-02F7-4635-9D70-19F0418CEA23}
	EndGlobalSection
EndGlobal
